dependencies:
- name: postgresql
  repository: https://charts.bitnami.com/bitnami
  version: 12.12.10
- name: redis
  repository: https://charts.bitnami.com/bitnami
  version: 17.17.1
- name: zimagi-lib
  repository: https://charts.zimagi.com
  version: 0.1.4
digest: sha256:ae94d17de6511cde7577add8fe7936cec29ab9fd1ead2e6cfe539a46db510648
generated: "2024-01-14T01:29:03.467905423+01:00"
