dependencies:
- name: postgresql
  repository: https://charts.bitnami.com/bitnami
  version: 12.12.10
- name: redis
  repository: https://charts.bitnami.com/bitnami
  version: 17.17.1
- name: zimagi-lib
  repository: https://charts.zimagi.com
  version: 0.1.3
digest: sha256:ec7bd44e465b9a55bd1fe3a38f504d2cc765daebf539cf791e3b5e2ed102a8a1
generated: "2024-01-13T22:45:49.224506712+01:00"
