dependencies:
- name: postgresql
  repository: https://charts.bitnami.com/bitnami
  version: 15.4.0
- name: redis
  repository: https://charts.bitnami.com/bitnami
  version: 19.5.0
- name: zimagi-lib
  repository: https://charts.zimagi.com
  version: 0.1.5
digest: sha256:811ccf68a37507faf5b08df1f8976390b8e85e0689e9967344696540ac001b98
generated: "2024-05-23T21:59:01.884331407-04:00"
